
Microsoft Visual Studio Solution File, Format Version 12.00
# Visual Studio 2012
Project("{FAE04EC0-301F-11D3-BF4B-00C04F79EFBC}") = "TMS", "TMS\TMS.csproj", "{93A939CF-0CE9-4883-B68E-87CF0C75A740}"
EndProject
Project("{FAE04EC0-301F-11D3-BF4B-00C04F79EFBC}") = "ModelEntity", "Library\ModelEntity\ModelEntity.csproj", "{F70FC3AD-69E1-47DC-B87A-672BD7CCAA47}"
EndProject
Project("{FAE04EC0-301F-11D3-BF4B-00C04F79EFBC}") = "DataLayer", "Library\DataLayer\DataLayer.csproj", "{67721861-43D8-4739-917B-86208A6CEFED}"
EndProject
Project("{FAE04EC0-301F-11D3-BF4B-00C04F79EFBC}") = "BusinessLayer", "Library\BusinessLayer\BusinessLayer.csproj", "{F114A619-DE1C-4F57-AE94-5531D4BC3404}"
EndProject
Global
	GlobalSection(SolutionConfigurationPlatforms) = preSolution
		Debug|Any CPU = Debug|Any CPU
		Release|Any CPU = Release|Any CPU
	EndGlobalSection
	GlobalSection(ProjectConfigurationPlatforms) = postSolution
		{93A939CF-0CE9-4883-B68E-87CF0C75A740}.Debug|Any CPU.ActiveCfg = Debug|Any CPU
		{93A939CF-0CE9-4883-B68E-87CF0C75A740}.Debug|Any CPU.Build.0 = Debug|Any CPU
		{93A939CF-0CE9-4883-B68E-87CF0C75A740}.Release|Any CPU.ActiveCfg = Release|Any CPU
		{93A939CF-0CE9-4883-B68E-87CF0C75A740}.Release|Any CPU.Build.0 = Release|Any CPU
		{F70FC3AD-69E1-47DC-B87A-672BD7CCAA47}.Debug|Any CPU.ActiveCfg = Debug|Any CPU
		{F70FC3AD-69E1-47DC-B87A-672BD7CCAA47}.Debug|Any CPU.Build.0 = Debug|Any CPU
		{F70FC3AD-69E1-47DC-B87A-672BD7CCAA47}.Release|Any CPU.ActiveCfg = Release|Any CPU
		{F70FC3AD-69E1-47DC-B87A-672BD7CCAA47}.Release|Any CPU.Build.0 = Release|Any CPU
		{67721861-43D8-4739-917B-86208A6CEFED}.Debug|Any CPU.ActiveCfg = Debug|Any CPU
		{67721861-43D8-4739-917B-86208A6CEFED}.Debug|Any CPU.Build.0 = Debug|Any CPU
		{67721861-43D8-4739-917B-86208A6CEFED}.Release|Any CPU.ActiveCfg = Release|Any CPU
		{67721861-43D8-4739-917B-86208A6CEFED}.Release|Any CPU.Build.0 = Release|Any CPU
		{F114A619-DE1C-4F57-AE94-5531D4BC3404}.Debug|Any CPU.ActiveCfg = Debug|Any CPU
		{F114A619-DE1C-4F57-AE94-5531D4BC3404}.Debug|Any CPU.Build.0 = Debug|Any CPU
		{F114A619-DE1C-4F57-AE94-5531D4BC3404}.Release|Any CPU.ActiveCfg = Release|Any CPU
		{F114A619-DE1C-4F57-AE94-5531D4BC3404}.Release|Any CPU.Build.0 = Release|Any CPU
	EndGlobalSection
	GlobalSection(SolutionProperties) = preSolution
		HideSolutionNode = FALSE
	EndGlobalSection
EndGlobal
